
Microsoft Visual Studio Solution File, Format Version 12.00
# Visual Studio Version 16
VisualStudioVersion = 16.0.31410.357
MinimumVisualStudioVersion = 10.0.40219.1
Project("{FAE04EC0-301F-11D3-BF4B-00C04F79EFBC}") = "DelegateApplication", "DelegateApplication\DelegateApplication.csproj", "{5350A360-A42D-4991-82B3-2A94D2D5E52C}"
EndProject
Global
	GlobalSection(SolutionConfigurationPlatforms) = preSolution
		Debug|Any CPU = Debug|Any CPU
		Release|Any CPU = Release|Any CPU
	EndGlobalSection
	GlobalSection(ProjectConfigurationPlatforms) = postSolution
		{5350A360-A42D-4991-82B3-2A94D2D5E52C}.Debug|Any CPU.ActiveCfg = Debug|Any CPU
		{5350A360-A42D-4991-82B3-2A94D2D5E52C}.Debug|Any CPU.Build.0 = Debug|Any CPU
		{5350A360-A42D-4991-82B3-2A94D2D5E52C}.Release|Any CPU.ActiveCfg = Release|Any CPU
		{5350A360-A42D-4991-82B3-2A94D2D5E52C}.Release|Any CPU.Build.0 = Release|Any CPU
	EndGlobalSection
	GlobalSection(SolutionProperties) = preSolution
		HideSolutionNode = FALSE
	EndGlobalSection
	GlobalSection(ExtensibilityGlobals) = postSolution
		SolutionGuid = {06CB58D8-1393-4AAE-B05A-B52D7757AD20}
	EndGlobalSection
EndGlobal
